
Microsoft Visual Studio Solution File, Format Version 12.00
# Visual Studio 15
VisualStudioVersion = 15.0.26124.0
MinimumVisualStudioVersion = 15.0.26124.0
Project("{2150E333-8FDC-42A3-9474-1A3956D46DE8}") = "src", "src", "{10C6E331-9841-4059-8E0E-71E45C2D9B00}"
EndProject
Project("{FAE04EC0-301F-11D3-BF4B-00C04F79EFBC}") = "Api", "src\Api\Api.csproj", "{F1DB20A2-A615-4C5C-8BA2-B01446CC4B6D}"
EndProject
Global
	GlobalSection(SolutionConfigurationPlatforms) = preSolution
		Debug|Any CPU = Debug|Any CPU
		Debug|x64 = Debug|x64
		Debug|x86 = Debug|x86
		Release|Any CPU = Release|Any CPU
		Release|x64 = Release|x64
		Release|x86 = Release|x86
	EndGlobalSection
	GlobalSection(SolutionProperties) = preSolution
		HideSolutionNode = FALSE
	EndGlobalSection
	GlobalSection(ProjectConfigurationPlatforms) = postSolution
		{F1DB20A2-A615-4C5C-8BA2-B01446CC4B6D}.Debug|Any CPU.ActiveCfg = Debug|Any CPU
		{F1DB20A2-A615-4C5C-8BA2-B01446CC4B6D}.Debug|Any CPU.Build.0 = Debug|Any CPU
		{F1DB20A2-A615-4C5C-8BA2-B01446CC4B6D}.Debug|x64.ActiveCfg = Debug|Any CPU
		{F1DB20A2-A615-4C5C-8BA2-B01446CC4B6D}.Debug|x64.Build.0 = Debug|Any CPU
		{F1DB20A2-A615-4C5C-8BA2-B01446CC4B6D}.Debug|x86.ActiveCfg = Debug|Any CPU
		{F1DB20A2-A615-4C5C-8BA2-B01446CC4B6D}.Debug|x86.Build.0 = Debug|Any CPU
		{F1DB20A2-A615-4C5C-8BA2-B01446CC4B6D}.Release|Any CPU.ActiveCfg = Release|Any CPU
		{F1DB20A2-A615-4C5C-8BA2-B01446CC4B6D}.Release|Any CPU.Build.0 = Release|Any CPU
		{F1DB20A2-A615-4C5C-8BA2-B01446CC4B6D}.Release|x64.ActiveCfg = Release|Any CPU
		{F1DB20A2-A615-4C5C-8BA2-B01446CC4B6D}.Release|x64.Build.0 = Release|Any CPU
		{F1DB20A2-A615-4C5C-8BA2-B01446CC4B6D}.Release|x86.ActiveCfg = Release|Any CPU
		{F1DB20A2-A615-4C5C-8BA2-B01446CC4B6D}.Release|x86.Build.0 = Release|Any CPU
	EndGlobalSection
	GlobalSection(NestedProjects) = preSolution
		{F1DB20A2-A615-4C5C-8BA2-B01446CC4B6D} = {10C6E331-9841-4059-8E0E-71E45C2D9B00}
	EndGlobalSection
EndGlobal
